
Microsoft Visual Studio Solution File, Format Version 12.00
# Visual Studio 15
VisualStudioVersion = 15.0.27703.2035
MinimumVisualStudioVersion = 10.0.40219.1
Project("{FAE04EC0-301F-11D3-BF4B-00C04F79EFBC}") = "randomthreenumbers", "randomthreenumbers\randomthreenumbers.csproj", "{D3260FEF-45AC-439A-AEBB-B3A947B953A3}"
EndProject
Global
	GlobalSection(SolutionConfigurationPlatforms) = preSolution
		Debug|Any CPU = Debug|Any CPU
		Release|Any CPU = Release|Any CPU
	EndGlobalSection
	GlobalSection(ProjectConfigurationPlatforms) = postSolution
		{D3260FEF-45AC-439A-AEBB-B3A947B953A3}.Debug|Any CPU.ActiveCfg = Debug|Any CPU
		{D3260FEF-45AC-439A-AEBB-B3A947B953A3}.Debug|Any CPU.Build.0 = Debug|Any CPU
		{D3260FEF-45AC-439A-AEBB-B3A947B953A3}.Release|Any CPU.ActiveCfg = Release|Any CPU
		{D3260FEF-45AC-439A-AEBB-B3A947B953A3}.Release|Any CPU.Build.0 = Release|Any CPU
	EndGlobalSection
	GlobalSection(SolutionProperties) = preSolution
		HideSolutionNode = FALSE
	EndGlobalSection
	GlobalSection(ExtensibilityGlobals) = postSolution
		SolutionGuid = {2F50EB1E-0AB3-4BC9-A555-21C3ACC1E775}
	EndGlobalSection
EndGlobal
